
Microsoft Visual Studio Solution File, Format Version 12.00
# Visual Studio Version 17
VisualStudioVersion = 17.13.35818.85 d17.13
MinimumVisualStudioVersion = 10.0.40219.1
Project("{FAE04EC0-301F-11D3-BF4B-00C04F79EFBC}") = "Dictionary", "Dictionary\Dictionary.csproj", "{FBA0D733-9F21-44E6-9801-239A8D4D2078}"
EndProject
Global
	GlobalSection(SolutionConfigurationPlatforms) = preSolution
		Debug|Any CPU = Debug|Any CPU
		Release|Any CPU = Release|Any CPU
	EndGlobalSection
	GlobalSection(ProjectConfigurationPlatforms) = postSolution
		{FBA0D733-9F21-44E6-9801-239A8D4D2078}.Debug|Any CPU.ActiveCfg = Debug|Any CPU
		{FBA0D733-9F21-44E6-9801-239A8D4D2078}.Debug|Any CPU.Build.0 = Debug|Any CPU
		{FBA0D733-9F21-44E6-9801-239A8D4D2078}.Release|Any CPU.ActiveCfg = Release|Any CPU
		{FBA0D733-9F21-44E6-9801-239A8D4D2078}.Release|Any CPU.Build.0 = Release|Any CPU
	EndGlobalSection
	GlobalSection(SolutionProperties) = preSolution
		HideSolutionNode = FALSE
	EndGlobalSection
	GlobalSection(ExtensibilityGlobals) = postSolution
		SolutionGuid = {12F6589C-7A5D-484C-B234-3A293D298C0D}
	EndGlobalSection
EndGlobal
