
Microsoft Visual Studio Solution File, Format Version 12.00
# Visual Studio Version 17
VisualStudioVersion = 17.13.35818.85 d17.13
MinimumVisualStudioVersion = 10.0.40219.1
Project("{FAE04EC0-301F-11D3-BF4B-00C04F79EFBC}") = "ConsoleApp1", "ConsoleApp1\ConsoleApp1.csproj", "{865927A5-9944-4C4B-A7D1-698A7F3BD5EF}"
EndProject
Global
	GlobalSection(SolutionConfigurationPlatforms) = preSolution
		Debug|Any CPU = Debug|Any CPU
		Release|Any CPU = Release|Any CPU
	EndGlobalSection
	GlobalSection(ProjectConfigurationPlatforms) = postSolution
		{865927A5-9944-4C4B-A7D1-698A7F3BD5EF}.Debug|Any CPU.ActiveCfg = Debug|Any CPU
		{865927A5-9944-4C4B-A7D1-698A7F3BD5EF}.Debug|Any CPU.Build.0 = Debug|Any CPU
		{865927A5-9944-4C4B-A7D1-698A7F3BD5EF}.Release|Any CPU.ActiveCfg = Release|Any CPU
		{865927A5-9944-4C4B-A7D1-698A7F3BD5EF}.Release|Any CPU.Build.0 = Release|Any CPU
	EndGlobalSection
	GlobalSection(SolutionProperties) = preSolution
		HideSolutionNode = FALSE
	EndGlobalSection
	GlobalSection(ExtensibilityGlobals) = postSolution
		SolutionGuid = {2408E448-22C3-4650-82B3-D943485DADB7}
	EndGlobalSection
EndGlobal
