
Microsoft Visual Studio Solution File, Format Version 12.00
# Visual Studio Version 17
VisualStudioVersion = 17.13.35818.85 d17.13
MinimumVisualStudioVersion = 10.0.40219.1
Project("{FAE04EC0-301F-11D3-BF4B-00C04F79EFBC}") = "WindowsFormsApp3", "WindowsFormsApp3.csproj", "{415EC952-E645-4974-8F3E-6AD5E5200B05}"
EndProject
Global
	GlobalSection(SolutionConfigurationPlatforms) = preSolution
		Debug|Any CPU = Debug|Any CPU
		Release|Any CPU = Release|Any CPU
	EndGlobalSection
	GlobalSection(ProjectConfigurationPlatforms) = postSolution
		{415EC952-E645-4974-8F3E-6AD5E5200B05}.Debug|Any CPU.ActiveCfg = Debug|Any CPU
		{415EC952-E645-4974-8F3E-6AD5E5200B05}.Debug|Any CPU.Build.0 = Debug|Any CPU
		{415EC952-E645-4974-8F3E-6AD5E5200B05}.Release|Any CPU.ActiveCfg = Release|Any CPU
		{415EC952-E645-4974-8F3E-6AD5E5200B05}.Release|Any CPU.Build.0 = Release|Any CPU
	EndGlobalSection
	GlobalSection(SolutionProperties) = preSolution
		HideSolutionNode = FALSE
	EndGlobalSection
	GlobalSection(ExtensibilityGlobals) = postSolution
		SolutionGuid = {C8E0E0A7-8C79-4D66-81F5-AFA0EC382940}
	EndGlobalSection
EndGlobal
