
Microsoft Visual Studio Solution File, Format Version 12.00
# Visual Studio Version 17
VisualStudioVersion = 17.13.35818.85 d17.13
MinimumVisualStudioVersion = 10.0.40219.1
Project("{FAE04EC0-301F-11D3-BF4B-00C04F79EFBC}") = "ModelViewWinForms", "ModelViewWinForms.csproj", "{A4F69498-27CD-4C18-B73B-4C2D7B695052}"
EndProject
Project("{FAE04EC0-301F-11D3-BF4B-00C04F79EFBC}") = "ClassLibrary", "..\ClassLibrary\ClassLibrary.csproj", "{A060EB70-FF6F-417B-87BD-D79CC8B2D628}"
EndProject
Global
	GlobalSection(SolutionConfigurationPlatforms) = preSolution
		Debug|Any CPU = Debug|Any CPU
		Release|Any CPU = Release|Any CPU
	EndGlobalSection
	GlobalSection(ProjectConfigurationPlatforms) = postSolution
		{A4F69498-27CD-4C18-B73B-4C2D7B695052}.Debug|Any CPU.ActiveCfg = Debug|Any CPU
		{A4F69498-27CD-4C18-B73B-4C2D7B695052}.Debug|Any CPU.Build.0 = Debug|Any CPU
		{A4F69498-27CD-4C18-B73B-4C2D7B695052}.Release|Any CPU.ActiveCfg = Release|Any CPU
		{A4F69498-27CD-4C18-B73B-4C2D7B695052}.Release|Any CPU.Build.0 = Release|Any CPU
		{A060EB70-FF6F-417B-87BD-D79CC8B2D628}.Debug|Any CPU.ActiveCfg = Debug|Any CPU
		{A060EB70-FF6F-417B-87BD-D79CC8B2D628}.Debug|Any CPU.Build.0 = Debug|Any CPU
		{A060EB70-FF6F-417B-87BD-D79CC8B2D628}.Release|Any CPU.ActiveCfg = Release|Any CPU
		{A060EB70-FF6F-417B-87BD-D79CC8B2D628}.Release|Any CPU.Build.0 = Release|Any CPU
	EndGlobalSection
	GlobalSection(SolutionProperties) = preSolution
		HideSolutionNode = FALSE
	EndGlobalSection
	GlobalSection(ExtensibilityGlobals) = postSolution
		SolutionGuid = {37BE9C96-363C-418D-8266-AE957C2A0C1D}
	EndGlobalSection
EndGlobal
