
Microsoft Visual Studio Solution File, Format Version 12.00
# Visual Studio Version 17
VisualStudioVersion = 17.14.36429.23 d17.14
MinimumVisualStudioVersion = 10.0.40219.1
Project("{FAE04EC0-301F-11D3-BF4B-00C04F79EFBC}") = "Piaterochka", "Piaterochka\Piaterochka.csproj", "{E2E2DC5D-C98D-4326-9278-4E3DFF772A39}"
EndProject
Global
	GlobalSection(SolutionConfigurationPlatforms) = preSolution
		Debug|Any CPU = Debug|Any CPU
		Release|Any CPU = Release|Any CPU
	EndGlobalSection
	GlobalSection(ProjectConfigurationPlatforms) = postSolution
		{E2E2DC5D-C98D-4326-9278-4E3DFF772A39}.Debug|Any CPU.ActiveCfg = Debug|Any CPU
		{E2E2DC5D-C98D-4326-9278-4E3DFF772A39}.Debug|Any CPU.Build.0 = Debug|Any CPU
		{E2E2DC5D-C98D-4326-9278-4E3DFF772A39}.Release|Any CPU.ActiveCfg = Release|Any CPU
		{E2E2DC5D-C98D-4326-9278-4E3DFF772A39}.Release|Any CPU.Build.0 = Release|Any CPU
	EndGlobalSection
	GlobalSection(SolutionProperties) = preSolution
		HideSolutionNode = FALSE
	EndGlobalSection
	GlobalSection(ExtensibilityGlobals) = postSolution
		SolutionGuid = {4CA88790-1AAE-4875-B7AB-16DBFE788ED9}
	EndGlobalSection
EndGlobal
