
Microsoft Visual Studio Solution File, Format Version 12.00
# Visual Studio Version 17
VisualStudioVersion = 17.14.36127.28 d17.14
MinimumVisualStudioVersion = 10.0.40219.1
Project("{FAE04EC0-301F-11D3-BF4B-00C04F79EFBC}") = "WinForms", "WinForms\WinForms.csproj", "{88AAE99F-31D5-499A-ADF0-7849C445CF8A}"
EndProject
Project("{FAE04EC0-301F-11D3-BF4B-00C04F79EFBC}") = "SalesLibrary", "ClassLibrary\SalesLibrary.csproj", "{5E777018-AE21-492A-A645-E2E87BDF5609}"
EndProject
Global
	GlobalSection(SolutionConfigurationPlatforms) = preSolution
		Debug|Any CPU = Debug|Any CPU
		Release|Any CPU = Release|Any CPU
	EndGlobalSection
	GlobalSection(ProjectConfigurationPlatforms) = postSolution
		{88AAE99F-31D5-499A-ADF0-7849C445CF8A}.Debug|Any CPU.ActiveCfg = Debug|Any CPU
		{88AAE99F-31D5-499A-ADF0-7849C445CF8A}.Debug|Any CPU.Build.0 = Debug|Any CPU
		{88AAE99F-31D5-499A-ADF0-7849C445CF8A}.Release|Any CPU.ActiveCfg = Release|Any CPU
		{88AAE99F-31D5-499A-ADF0-7849C445CF8A}.Release|Any CPU.Build.0 = Release|Any CPU
		{5E777018-AE21-492A-A645-E2E87BDF5609}.Debug|Any CPU.ActiveCfg = Debug|Any CPU
		{5E777018-AE21-492A-A645-E2E87BDF5609}.Debug|Any CPU.Build.0 = Debug|Any CPU
		{5E777018-AE21-492A-A645-E2E87BDF5609}.Release|Any CPU.ActiveCfg = Release|Any CPU
		{5E777018-AE21-492A-A645-E2E87BDF5609}.Release|Any CPU.Build.0 = Release|Any CPU
	EndGlobalSection
	GlobalSection(SolutionProperties) = preSolution
		HideSolutionNode = FALSE
	EndGlobalSection
	GlobalSection(ExtensibilityGlobals) = postSolution
		SolutionGuid = {83DEB7FB-651C-419A-BA2D-4C07C90000A7}
	EndGlobalSection
EndGlobal
